
Microsoft Visual Studio Solution File, Format Version 12.00
# Visual Studio Version 17
VisualStudioVersion = 17.9.34622.214
MinimumVisualStudioVersion = 10.0.40219.1
Project("{FAE04EC0-301F-11D3-BF4B-00C04F79EFBC}") = "WorldArts.API", "WorldArts.API\WorldArts.API.csproj", "{0DE58816-9803-48F2-9F05-EA9C0BE983C1}"
EndProject
Project("{FAE04EC0-301F-11D3-BF4B-00C04F79EFBC}") = "WorldArts.Data", "WorldArts.Data\WorldArts.Data.csproj", "{542DE69B-8815-4258-BD9E-E415FC73FD42}"
EndProject
Global
	GlobalSection(SolutionConfigurationPlatforms) = preSolution
		Debug|Any CPU = Debug|Any CPU
		Release|Any CPU = Release|Any CPU
	EndGlobalSection
	GlobalSection(ProjectConfigurationPlatforms) = postSolution
		{0DE58816-9803-48F2-9F05-EA9C0BE983C1}.Debug|Any CPU.ActiveCfg = Debug|Any CPU
		{0DE58816-9803-48F2-9F05-EA9C0BE983C1}.Debug|Any CPU.Build.0 = Debug|Any CPU
		{0DE58816-9803-48F2-9F05-EA9C0BE983C1}.Release|Any CPU.ActiveCfg = Release|Any CPU
		{0DE58816-9803-48F2-9F05-EA9C0BE983C1}.Release|Any CPU.Build.0 = Release|Any CPU
		{542DE69B-8815-4258-BD9E-E415FC73FD42}.Debug|Any CPU.ActiveCfg = Debug|Any CPU
		{542DE69B-8815-4258-BD9E-E415FC73FD42}.Debug|Any CPU.Build.0 = Debug|Any CPU
		{542DE69B-8815-4258-BD9E-E415FC73FD42}.Release|Any CPU.ActiveCfg = Release|Any CPU
		{542DE69B-8815-4258-BD9E-E415FC73FD42}.Release|Any CPU.Build.0 = Release|Any CPU
	EndGlobalSection
	GlobalSection(SolutionProperties) = preSolution
		HideSolutionNode = FALSE
	EndGlobalSection
	GlobalSection(ExtensibilityGlobals) = postSolution
		SolutionGuid = {23E23A9F-32C0-41C0-B1D3-6FFA8589D735}
	EndGlobalSection
EndGlobal
